
Microsoft Visual Studio Solution File, Format Version 12.00
# Visual Studio 14
VisualStudioVersion = 14.0.24720.0
MinimumVisualStudioVersion = 10.0.40219.1
Project("{FAE04EC0-301F-11D3-BF4B-00C04F79EFBC}") = "Ex04.Menus.Interfaces", "Ex04.Menus.Interfaces\Ex04.Menus.Interfaces.csproj", "{7692E254-0229-4EE5-8C75-B3C07848AFB6}"
EndProject
Project("{FAE04EC0-301F-11D3-BF4B-00C04F79EFBC}") = "Ex04.Menus.Delegates", "Ex04.Menus.Delegates\Ex04.Menus.Delegates.csproj", "{C4ACE4D8-824D-4C51-88DB-536C82DEA25C}"
EndProject
Project("{FAE04EC0-301F-11D3-BF4B-00C04F79EFBC}") = "Ex04.Menus.Test", "Ex04.Menus.Test\Ex04.Menus.Test.csproj", "{44C02A25-1538-41A6-A906-3D8EF8E30001}"
EndProject
Global
	GlobalSection(SolutionConfigurationPlatforms) = preSolution
		Debug|Any CPU = Debug|Any CPU
		Release|Any CPU = Release|Any CPU
	EndGlobalSection
	GlobalSection(ProjectConfigurationPlatforms) = postSolution
		{7692E254-0229-4EE5-8C75-B3C07848AFB6}.Debug|Any CPU.ActiveCfg = Debug|Any CPU
		{7692E254-0229-4EE5-8C75-B3C07848AFB6}.Debug|Any CPU.Build.0 = Debug|Any CPU
		{7692E254-0229-4EE5-8C75-B3C07848AFB6}.Release|Any CPU.ActiveCfg = Release|Any CPU
		{7692E254-0229-4EE5-8C75-B3C07848AFB6}.Release|Any CPU.Build.0 = Release|Any CPU
		{C4ACE4D8-824D-4C51-88DB-536C82DEA25C}.Debug|Any CPU.ActiveCfg = Debug|Any CPU
		{C4ACE4D8-824D-4C51-88DB-536C82DEA25C}.Debug|Any CPU.Build.0 = Debug|Any CPU
		{C4ACE4D8-824D-4C51-88DB-536C82DEA25C}.Release|Any CPU.ActiveCfg = Release|Any CPU
		{C4ACE4D8-824D-4C51-88DB-536C82DEA25C}.Release|Any CPU.Build.0 = Release|Any CPU
		{44C02A25-1538-41A6-A906-3D8EF8E30001}.Debug|Any CPU.ActiveCfg = Debug|Any CPU
		{44C02A25-1538-41A6-A906-3D8EF8E30001}.Debug|Any CPU.Build.0 = Debug|Any CPU
		{44C02A25-1538-41A6-A906-3D8EF8E30001}.Release|Any CPU.ActiveCfg = Release|Any CPU
		{44C02A25-1538-41A6-A906-3D8EF8E30001}.Release|Any CPU.Build.0 = Release|Any CPU
	EndGlobalSection
	GlobalSection(SolutionProperties) = preSolution
		HideSolutionNode = FALSE
	EndGlobalSection
EndGlobal
